<?xml version="1.0" encoding="UTF-8" standalone="yes" ?>
<CodeBlocks_project_file>
	<FileVersion major="1" minor="6" />
	<Project>
		<Option title="GameEngineCpp" />
		<Option pch_mode="2" />
		<Option compiler="gcc" />
		<Build>
			<Target title="Debug">
				<Option output="bin/Debug/GameEngineCpp" prefix_auto="1" extension_auto="1" />
				<Option object_output="obj/Debug/" />
				<Option type="1" />
				<Option compiler="gcc" />
				<Compiler>
					<Add option="-g" />
				</Compiler>
			</Target>
			<Target title="Release">
				<Option output="bin/Release/GameEngineCpp" prefix_auto="1" extension_auto="1" />
				<Option object_output="obj/Release/" />
				<Option type="1" />
				<Option compiler="gcc" />
				<Compiler>
					<Add option="-O2" />
				</Compiler>
				<Linker>
					<Add option="-s" />
				</Linker>
			</Target>
		</Build>
		<Compiler>
			<Add option="-Wall" />
			<Add option="-fexceptions" />
			<Add directory="../../../../DevSofts/!-Libraries/glfw-3.2.1.bin.WIN32/include" />
			<Add directory="../../../../DevSofts/!-Libraries/gl3w-master/include" />
		</Compiler>
		<Linker>
			<Add option="-lglfw3 -lgl3w_Build -lopengl32  -lgdi32 -lglu32" />
			<Add library="../../../CodeBlocks/GL3W_Build/bin/Debug/libGL3W_Build.a" />
			<Add directory="../../../../DevSofts/!-Libraries/glfw-3.2.1.bin.WIN32/lib-mingw" />
			<Add directory="../../../CodeBlocks/GL3W_Build/bin/Debug" />
		</Linker>
		<Unit filename="main.cpp" />
		<Extensions>
			<code_completion />
			<envvars />
			<debugger />
			<lib_finder disable_auto="1" />
		</Extensions>
	</Project>
</CodeBlocks_project_file>
